
Microsoft Visual Studio Solution File, Format Version 12.00
# Visual Studio Version 16
VisualStudioVersion = 16.0.32002.261
MinimumVisualStudioVersion = 10.0.40219.1
Project("{FAE04EC0-301F-11D3-BF4B-00C04F79EFBC}") = "CS-Importador de cartas de porte", "CS-Importador de cartas de porte.csproj", "{39B2F58C-F75D-4B64-A232-EDF93C7C7712}"
EndProject
Global
	GlobalSection(SolutionConfigurationPlatforms) = preSolution
		Debug|Any CPU = Debug|Any CPU
		Release|Any CPU = Release|Any CPU
	EndGlobalSection
	GlobalSection(ProjectConfigurationPlatforms) = postSolution
		{39B2F58C-F75D-4B64-A232-EDF93C7C7712}.Debug|Any CPU.ActiveCfg = Debug|Any CPU
		{39B2F58C-F75D-4B64-A232-EDF93C7C7712}.Debug|Any CPU.Build.0 = Debug|Any CPU
		{39B2F58C-F75D-4B64-A232-EDF93C7C7712}.Release|Any CPU.ActiveCfg = Release|Any CPU
		{39B2F58C-F75D-4B64-A232-EDF93C7C7712}.Release|Any CPU.Build.0 = Release|Any CPU
	EndGlobalSection
	GlobalSection(SolutionProperties) = preSolution
		HideSolutionNode = FALSE
	EndGlobalSection
	GlobalSection(ExtensibilityGlobals) = postSolution
		SolutionGuid = {7FE5A541-42FE-4F29-87A9-363A5E8A7424}
	EndGlobalSection
EndGlobal
